// !$*UTF8*$!
{
	archiveVersion = 1;
	classes = {
	};
	objectVersion = 56;
	objects = {

/* Begin PBXBuildFile section */
		AE56479929897AB700C92023 /* AppDelegate.swift in Sources */ = {isa = PBXBuildFile; fileRef = AE56479829897AB700C92023 /* AppDelegate.swift */; };
		AE56479B29897AB700C92023 /* SceneDelegate.swift in Sources */ = {isa = PBXBuildFile; fileRef = AE56479A29897AB700C92023 /* SceneDelegate.swift */; };
		AE56479D29897AB700C92023 /* ViewController.swift in Sources */ = {isa = PBXBuildFile; fileRef = AE56479C29897AB700C92023 /* ViewController.swift */; };
		AE5647A029897AB700C92023 /* Main.storyboard in Resources */ = {isa = PBXBuildFile; fileRef = AE56479E29897AB700C92023 /* Main.storyboard */; };
		AE5647A229897AB800C92023 /* Assets.xcassets in Resources */ = {isa = PBXBuildFile; fileRef = AE5647A129897AB800C92023 /* Assets.xcassets */; };
		AE5647A529897AB800C92023 /* LaunchScreen.storyboard in Resources */ = {isa = PBXBuildFile; fileRef = AE5647A329897AB800C92023 /* LaunchScreen.storyboard */; };
		AE5647B029897AB800C92023 /* GISAppTests.swift in Sources */ = {isa = PBXBuildFile; fileRef = AE5647AF29897AB800C92023 /* GISAppTests.swift */; };
		AE5647BA29897AB800C92023 /* GISAppUITests.swift in Sources */ = {isa = PBXBuildFile; fileRef = AE5647B929897AB800C92023 /* GISAppUITests.swift */; };
		AE5647BC29897AB800C92023 /* GISAppUITestsLaunchTests.swift in Sources */ = {isa = PBXBuildFile; fileRef = AE5647BB29897AB800C92023 /* GISAppUITestsLaunchTests.swift */; };
/* End PBXBuildFile section */

/* Begin PBXContainerItemProxy section */
		AE5647AC29897AB800C92023 /* PBXContainerItemProxy */ = {
			isa = PBXContainerItemProxy;
			containerPortal = AE56478D29897AB700C92023 /* Project object */;
			proxyType = 1;
			remoteGlobalIDString = AE56479429897AB700C92023;
			remoteInfo = GISApp;
		};
		AE5647B629897AB800C92023 /* PBXContainerItemProxy */ = {
			isa = PBXContainerItemProxy;
			containerPortal = AE56478D29897AB700C92023 /* Project object */;
			proxyType = 1;
			remoteGlobalIDString = AE56479429897AB700C92023;
			remoteInfo = GISApp;
		};
/* End PBXContainerItemProxy section */

/* Begin PBXFileReference section */
		AE56479529897AB700C92023 /* GISApp.app */ = {isa = PBXFileReference; explicitFileType = wrapper.application; includeInIndex = 0; path = GISApp.app; sourceTree = BUILT_PRODUCTS_DIR; };
		AE56479829897AB700C92023 /* AppDelegate.swift */ = {isa = PBXFileReference; lastKnownFileType = sourcecode.swift; path = AppDelegate.swift; sourceTree = "<group>"; };
		AE56479A29897AB700C92023 /* SceneDelegate.swift */ = {isa = PBXFileReference; lastKnownFileType = sourcecode.swift; path = SceneDelegate.swift; sourceTree = "<group>"; };
		AE56479C29897AB700C92023 /* ViewController.swift */ = {isa = PBXFileReference; lastKnownFileType = sourcecode.swift; path = ViewController.swift; sourceTree = "<group>"; };
		AE56479F29897AB700C92023 /* Base */ = {isa = PBXFileReference; lastKnownFileType = file.storyboard; name = Base; path = Base.lproj/Main.storyboard; sourceTree = "<group>"; };
		AE5647A129897AB800C92023 /* Assets.xcassets */ = {isa = PBXFileReference; lastKnownFileType = folder.assetcatalog; path = Assets.xcassets; sourceTree = "<group>"; };
		AE5647A429897AB800C92023 /* Base */ = {isa = PBXFileReference; lastKnownFileType = file.storyboard; name = Base; path = Base.lproj/LaunchScreen.storyboard; sourceTree = "<group>"; };
		AE5647A629897AB800C92023 /* Info.plist */ = {isa = PBXFileReference; lastKnownFileType = text.plist.xml; path = Info.plist; sourceTree = "<group>"; };
		AE5647AB29897AB800C92023 /* GISAppTests.xctest */ = {isa = PBXFileReference; explicitFileType = wrapper.cfbundle; includeInIndex = 0; path = GISAppTests.xctest; sourceTree = BUILT_PRODUCTS_DIR; };
		AE5647AF29897AB800C92023 /* GISAppTests.swift */ = {isa = PBXFileReference; lastKnownFileType = sourcecode.swift; path = GISAppTests.swift; sourceTree = "<group>"; };
		AE5647B529897AB800C92023 /* GISAppUITests.xctest */ = {isa = PBXFileReference; explicitFileType = wrapper.cfbundle; includeInIndex = 0; path = GISAppUITests.xctest; sourceTree = BUILT_PRODUCTS_DIR; };
		AE5647B929897AB800C92023 /* GISAppUITests.swift */ = {isa = PBXFileReference; lastKnownFileType = sourcecode.swift; path = GISAppUITests.swift; sourceTree = "<group>"; };
		AE5647BB29897AB800C92023 /* GISAppUITestsLaunchTests.swift */ = {isa = PBXFileReference; lastKnownFileType = sourcecode.swift; path = GISAppUITestsLaunchTests.swift; sourceTree = "<group>"; };
/* End PBXFileReference section */

/* Begin PBXFrameworksBuildPhase section */
		AE56479229897AB700C92023 /* Frameworks */ = {
			isa = PBXFrameworksBuildPhase;
			buildActionMask = 2147483647;
			files = (
			);
			runOnlyForDeploymentPostprocessing = 0;
		};
		AE5647A829897AB800C92023 /* Frameworks */ = {
			isa = PBXFrameworksBuildPhase;
			buildActionMask = 2147483647;
			files = (
			);
			runOnlyForDeploymentPostprocessing = 0;
		};
		AE5647B229897AB800C92023 /* Frameworks */ = {
			isa = PBXFrameworksBuildPhase;
			buildActionMask = 2147483647;
			files = (
			);
			runOnlyForDeploymentPostprocessing = 0;
		};
/* End PBXFrameworksBuildPhase section */

/* Begin PBXGroup section */
		AE56478C29897AB700C92023 = {
			isa = PBXGroup;
			children = (
				AE56479729897AB700C92023 /* GISApp */,
				AE5647AE29897AB800C92023 /* GISAppTests */,
				AE5647B829897AB800C92023 /* GISAppUITests */,
				AE56479629897AB700C92023 /* Products */,
			);
			sourceTree = "<group>";
		};
		AE56479629897AB700C92023 /* Products */ = {
			isa = PBXGroup;
			children = (
				AE56479529897AB700C92023 /* GISApp.app */,
				AE5647AB29897AB800C92023 /* GISAppTests.xctest */,
				AE5647B529897AB800C92023 /* GISAppUITests.xctest */,
			);
			name = Products;
			sourceTree = "<group>";
		};
		AE56479729897AB700C92023 /* GISApp */ = {
			isa = PBXGroup;
			children = (
				AE56479829897AB700C92023 /* AppDelegate.swift */,
				AE56479A29897AB700C92023 /* SceneDelegate.swift */,
				AE56479C29897AB700C92023 /* ViewController.swift */,
				AE56479E29897AB700C92023 /* Main.storyboard */,
				AE5647A129897AB800C92023 /* Assets.xcassets */,
				AE5647A329897AB800C92023 /* LaunchScreen.storyboard */,
				AE5647A629897AB800C92023 /* Info.plist */,
			);
			path = GISApp;
			sourceTree = "<group>";
		};
		AE5647AE29897AB800C92023 /* GISAppTests */ = {
			isa = PBXGroup;
			children = (
				AE5647AF29897AB800C92023 /* GISAppTests.swift */,
			);
			path = GISAppTests;
			sourceTree = "<group>";
		};
		AE5647B829897AB800C92023 /* GISAppUITests */ = {
			isa = PBXGroup;
			children = (
				AE5647B929897AB800C92023 /* GISAppUITests.swift */,
				AE5647BB29897AB800C92023 /* GISAppUITestsLaunchTests.swift */,
			);
			path = GISAppUITests;
			sourceTree = "<group>";
		};
/* End PBXGroup section */

/* Begin PBXNativeTarget section */
		AE56479429897AB700C92023 /* GISApp */ = {
			isa = PBXNativeTarget;
			buildConfigurationList = AE5647BF29897AB800C92023 /* Build configuration list for PBXNativeTarget "GISApp" */;
			buildPhases = (
				AE56479129897AB700C92023 /* Sources */,
				AE56479229897AB700C92023 /* Frameworks */,
				AE56479329897AB700C92023 /* Resources */,
			);
			buildRules = (
			);
			dependencies = (
			);
			name = GISApp;
			productName = GISApp;
			productReference = AE56479529897AB700C92023 /* GISApp.app */;
			productType = "com.apple.product-type.application";
		};
		AE5647AA29897AB800C92023 /* GISAppTests */ = {
			isa = PBXNativeTarget;
			buildConfigurationList = AE5647C229897AB800C92023 /* Build configuration list for PBXNativeTarget "GISAppTests" */;
			buildPhases = (
				AE5647A729897AB800C92023 /* Sources */,
				AE5647A829897AB800C92023 /* Frameworks */,
				AE5647A929897AB800C92023 /* Resources */,
			);
			buildRules = (
			);
			dependencies = (
				AE5647AD29897AB800C92023 /* PBXTargetDependency */,
			);
			name = GISAppTests;
			productName = GISAppTests;
			productReference = AE5647AB29897AB800C92023 /* GISAppTests.xctest */;
			productType = "com.apple.product-type.bundle.unit-test";
		};
		AE5647B429897AB800C92023 /* GISAppUITests */ = {
			isa = PBXNativeTarget;
			buildConfigurationList = AE5647C529897AB800C92023 /* Build configuration list for PBXNativeTarget "GISAppUITests" */;
			buildPhases = (
				AE5647B129897AB800C92023 /* Sources */,
				AE5647B229897AB800C92023 /* Frameworks */,
				AE5647B329897AB800C92023 /* Resources */,
			);
			buildRules = (
			);
			dependencies = (
				AE5647B729897AB800C92023 /* PBXTargetDependency */,
			);
			name = GISAppUITests;
			productName = GISAppUITests;
			productReference = AE5647B529897AB800C92023 /* GISAppUITests.xctest */;
			productType = "com.apple.product-type.bundle.ui-testing";
		};
/* End PBXNativeTarget section */

/* Begin PBXProject section */
		AE56478D29897AB700C92023 /* Project object */ = {
			isa = PBXProject;
			attributes = {
				BuildIndependentTargetsInParallel = 1;
				LastSwiftUpdateCheck = 1420;
				LastUpgradeCheck = 1420;
				TargetAttributes = {
					AE56479429897AB700C92023 = {
						CreatedOnToolsVersion = 14.2;
					};
					AE5647AA29897AB800C92023 = {
						CreatedOnToolsVersion = 14.2;
						TestTargetID = AE56479429897AB700C92023;
					};
					AE5647B429897AB800C92023 = {
						CreatedOnToolsVersion = 14.2;
						TestTargetID = AE56479429897AB700C92023;
					};
				};
			};
			buildConfigurationList = AE56479029897AB700C92023 /* Build configuration list for PBXProject "GISApp" */;
			compatibilityVersion = "Xcode 14.0";
			developmentRegion = en;
			hasScannedForEncodings = 0;
			knownRegions = (
				en,
				Base,
			);
			mainGroup = AE56478C29897AB700C92023;
			productRefGroup = AE56479629897AB700C92023 /* Products */;
			projectDirPath = "";
			projectRoot = "";
			targets = (
				AE56479429897AB700C92023 /* GISApp */,
				AE5647AA29897AB800C92023 /* GISAppTests */,
				AE5647B429897AB800C92023 /* GISAppUITests */,
			);
		};
/* End PBXProject section */

/* Begin PBXResourcesBuildPhase section */
		AE56479329897AB700C92023 /* Resources */ = {
			isa = PBXResourcesBuildPhase;
			buildActionMask = 2147483647;
			files = (
				AE5647A529897AB800C92023 /* LaunchScreen.storyboard in Resources */,
				AE5647A229897AB800C92023 /* Assets.xcassets in Resources */,
				AE5647A029897AB700C92023 /* Main.storyboard in Resources */,
			);
			runOnlyForDeploymentPostprocessing = 0;
		};
		AE5647A929897AB800C92023 /* Resources */ = {
			isa = PBXResourcesBuildPhase;
			buildActionMask = 2147483647;
			files = (
			);
			runOnlyForDeploymentPostprocessing = 0;
		};
		AE5647B329897AB800C92023 /* Resources */ = {
			isa = PBXResourcesBuildPhase;
			buildActionMask = 2147483647;
			files = (
			);
			runOnlyForDeploymentPostprocessing = 0;
		};
/* End PBXResourcesBuildPhase section */

/* Begin PBXSourcesBuildPhase section */
		AE56479129897AB700C92023 /* Sources */ = {
			isa = PBXSourcesBuildPhase;
			buildActionMask = 2147483647;
			files = (
				AE56479D29897AB700C92023 /* ViewController.swift in Sources */,
				AE56479929897AB700C92023 /* AppDelegate.swift in Sources */,
				AE56479B29897AB700C92023 /* SceneDelegate.swift in Sources */,
			);
			runOnlyForDeploymentPostprocessing = 0;
		};
		AE5647A729897AB800C92023 /* Sources */ = {
			isa = PBXSourcesBuildPhase;
			buildActionMask = 2147483647;
			files = (
				AE5647B029897AB800C92023 /* GISAppTests.swift in Sources */,
			);
			runOnlyForDeploymentPostprocessing = 0;
		};
		AE5647B129897AB800C92023 /* Sources */ = {
			isa = PBXSourcesBuildPhase;
			buildActionMask = 2147483647;
			files = (
				AE5647BC29897AB800C92023 /* GISAppUITestsLaunchTests.swift in Sources */,
				AE5647BA29897AB800C92023 /* GISAppUITests.swift in Sources */,
			);
			runOnlyForDeploymentPostprocessing = 0;
		};
/* End PBXSourcesBuildPhase section */

/* Begin PBXTargetDependency section */
		AE5647AD29897AB800C92023 /* PBXTargetDependency */ = {
			isa = PBXTargetDependency;
			target = AE56479429897AB700C92023 /* GISApp */;
			targetProxy = AE5647AC29897AB800C92023 /* PBXContainerItemProxy */;
		};
		AE5647B729897AB800C92023 /* PBXTargetDependency */ = {
			isa = PBXTargetDependency;
			target = AE56479429897AB700C92023 /* GISApp */;
			targetProxy = AE5647B629897AB800C92023 /* PBXContainerItemProxy */;
		};
/* End PBXTargetDependency section */

/* Begin PBXVariantGroup section */
		AE56479E29897AB700C92023 /* Main.storyboard */ = {
			isa = PBXVariantGroup;
			children = (
				AE56479F29897AB700C92023 /* Base */,
			);
			name = Main.storyboard;
			sourceTree = "<group>";
		};
		AE5647A329897AB800C92023 /* LaunchScreen.storyboard */ = {
			isa = PBXVariantGroup;
			children = (
				AE5647A429897AB800C92023 /* Base */,
			);
			name = LaunchScreen.storyboard;
			sourceTree = "<group>";
		};
/* End PBXVariantGroup section */

/* Begin XCBuildConfiguration section */
		AE5647BD29897AB800C92023 /* Debug */ = {
			isa = XCBuildConfiguration;
			buildSettings = {
				ALWAYS_SEARCH_USER_PATHS = NO;
				CLANG_ANALYZER_NONNULL = YES;
				CLANG_ANALYZER_NUMBER_OBJECT_CONVERSION = YES_AGGRESSIVE;
				CLANG_CXX_LANGUAGE_STANDARD = "gnu++20";
				CLANG_ENABLE_MODULES = YES;
				CLANG_ENABLE_OBJC_ARC = YES;
				CLANG_ENABLE_OBJC_WEAK = YES;
				CLANG_WARN_BLOCK_CAPTURE_AUTORELEASING = YES;
				CLANG_WARN_BOOL_CONVERSION = YES;
				CLANG_WARN_COMMA = YES;
				CLANG_WARN_CONSTANT_CONVERSION = YES;
				CLANG_WARN_DEPRECATED_OBJC_IMPLEMENTATIONS = YES;
				CLANG_WARN_DIRECT_OBJC_ISA_USAGE = YES_ERROR;
				CLANG_WARN_DOCUMENTATION_COMMENTS = YES;
				CLANG_WARN_EMPTY_BODY = YES;
				CLANG_WARN_ENUM_CONVERSION = YES;
				CLANG_WARN_INFINITE_RECURSION = YES;
				CLANG_WARN_INT_CONVERSION = YES;
				CLANG_WARN_NON_LITERAL_NULL_CONVERSION = YES;
				CLANG_WARN_OBJC_IMPLICIT_RETAIN_SELF = YES;
				CLANG_WARN_OBJC_LITERAL_CONVERSION = YES;
				CLANG_WARN_OBJC_ROOT_CLASS = YES_ERROR;
				CLANG_WARN_QUOTED_INCLUDE_IN_FRAMEWORK_HEADER = YES;
				CLANG_WARN_RANGE_LOOP_ANALYSIS = YES;
				CLANG_WARN_STRICT_PROTOTYPES = YES;
				CLANG_WARN_SUSPICIOUS_MOVE = YES;
				CLANG_WARN_UNGUARDED_AVAILABILITY = YES_AGGRESSIVE;
				CLANG_WARN_UNREACHABLE_CODE = YES;
				CLANG_WARN__DUPLICATE_METHOD_MATCH = YES;
				COPY_PHASE_STRIP = NO;
				DEBUG_INFORMATION_FORMAT = dwarf;
				ENABLE_STRICT_OBJC_MSGSEND = YES;
				ENABLE_TESTABILITY = YES;
				GCC_C_LANGUAGE_STANDARD = gnu11;
				GCC_DYNAMIC_NO_PIC = NO;
				GCC_NO_COMMON_BLOCKS = YES;
				GCC_OPTIMIZATION_LEVEL = 0;
				GCC_PREPROCESSOR_DEFINITIONS = (
					"DEBUG=1",
					"$(inherited)",
				);
				GCC_WARN_64_TO_32_BIT_CONVERSION = YES;
				GCC_WARN_ABOUT_RETURN_TYPE = YES_ERROR;
				GCC_WARN_UNDECLARED_SELECTOR = YES;
				GCC_WARN_UNINITIALIZED_AUTOS = YES_AGGRESSIVE;
				GCC_WARN_UNUSED_FUNCTION = YES;
				GCC_WARN_UNUSED_VARIABLE = YES;
				IPHONEOS_DEPLOYMENT_TARGET = 16.2;
				MTL_ENABLE_DEBUG_INFO = INCLUDE_SOURCE;
				MTL_FAST_MATH = YES;
				ONLY_ACTIVE_ARCH = YES;
				SDKROOT = iphoneos;
				SWIFT_ACTIVE_COMPILATION_CONDITIONS = DEBUG;
				SWIFT_OPTIMIZATION_LEVEL = "-Onone";
			};
			name = Debug;
		};
		AE5647BE29897AB800C92023 /* Release */ = {
			isa = XCBuildConfiguration;
			buildSettings = {
				ALWAYS_SEARCH_USER_PATHS = NO;
				CLANG_ANALYZER_NONNULL = YES;
				CLANG_ANALYZER_NUMBER_OBJECT_CONVERSION = YES_AGGRESSIVE;
				CLANG_CXX_LANGUAGE_STANDARD = "gnu++20";
				CLANG_ENABLE_MODULES = YES;
				CLANG_ENABLE_OBJC_ARC = YES;
				CLANG_ENABLE_OBJC_WEAK = YES;
				CLANG_WARN_BLOCK_CAPTURE_AUTORELEASING = YES;
				CLANG_WARN_BOOL_CONVERSION = YES;
				CLANG_WARN_COMMA = YES;
				CLANG_WARN_CONSTANT_CONVERSION = YES;
				CLANG_WARN_DEPRECATED_OBJC_IMPLEMENTATIONS = YES;
				CLANG_WARN_DIRECT_OBJC_ISA_USAGE = YES_ERROR;
				CLANG_WARN_DOCUMENTATION_COMMENTS = YES;
				CLANG_WARN_EMPTY_BODY = YES;
				CLANG_WARN_ENUM_CONVERSION = YES;
				CLANG_WARN_INFINITE_RECURSION = YES;
				CLANG_WARN_INT_CONVERSION = YES;
				CLANG_WARN_NON_LITERAL_NULL_CONVERSION = YES;
				CLANG_WARN_OBJC_IMPLICIT_RETAIN_SELF = YES;
				CLANG_WARN_OBJC_LITERAL_CONVERSION = YES;
				CLANG_WARN_OBJC_ROOT_CLASS = YES_ERROR;
				CLANG_WARN_QUOTED_INCLUDE_IN_FRAMEWORK_HEADER = YES;
				CLANG_WARN_RANGE_LOOP_ANALYSIS = YES;
				CLANG_WARN_STRICT_PROTOTYPES = YES;
				CLANG_WARN_SUSPICIOUS_MOVE = YES;
				CLANG_WARN_UNGUARDED_AVAILABILITY = YES_AGGRESSIVE;
				CLANG_WARN_UNREACHABLE_CODE = YES;
				CLANG_WARN__DUPLICATE_METHOD_MATCH = YES;
				COPY_PHASE_STRIP = NO;
				DEBUG_INFORMATION_FORMAT = "dwarf-with-dsym";
				ENABLE_NS_ASSERTIONS = NO;
				ENABLE_STRICT_OBJC_MSGSEND = YES;
				GCC_C_LANGUAGE_STANDARD = gnu11;
				GCC_NO_COMMON_BLOCKS = YES;
				GCC_WARN_64_TO_32_BIT_CONVERSION = YES;
				GCC_WARN_ABOUT_RETURN_TYPE = YES_ERROR;
				GCC_WARN_UNDECLARED_SELECTOR = YES;
				GCC_WARN_UNINITIALIZED_AUTOS = YES_AGGRESSIVE;
				GCC_WARN_UNUSED_FUNCTION = YES;
				GCC_WARN_UNUSED_VARIABLE = YES;
				IPHONEOS_DEPLOYMENT_TARGET = 16.2;
				MTL_ENABLE_DEBUG_INFO = NO;
				MTL_FAST_MATH = YES;
				SDKROOT = iphoneos;
				SWIFT_COMPILATION_MODE = wholemodule;
				SWIFT_OPTIMIZATION_LEVEL = "-O";
				VALIDATE_PRODUCT = YES;
			};
			name = Release;
		};
		AE5647C029897AB800C92023 /* Debug */ = {
			isa = XCBuildConfiguration;
			buildSettings = {
				ASSETCATALOG_COMPILER_APPICON_NAME = AppIcon;
				ASSETCATALOG_COMPILER_GLOBAL_ACCENT_COLOR_NAME = AccentColor;
				CODE_SIGN_STYLE = Automatic;
				CURRENT_PROJECT_VERSION = 1;
				DEVELOPMENT_TEAM = X3J9HZLD55;
				GENERATE_INFOPLIST_FILE = YES;
				INFOPLIST_FILE = GISApp/Info.plist;
				INFOPLIST_KEY_UIApplicationSupportsIndirectInputEvents = YES;
				INFOPLIST_KEY_UILaunchStoryboardName = LaunchScreen;
				INFOPLIST_KEY_UIMainStoryboardFile = Main;
				INFOPLIST_KEY_UISupportedInterfaceOrientations_iPad = "UIInterfaceOrientationPortrait UIInterfaceOrientationPortraitUpsideDown UIInterfaceOrientationLandscapeLeft UIInterfaceOrientationLandscapeRight";
				INFOPLIST_KEY_UISupportedInterfaceOrientations_iPhone = "UIInterfaceOrientationPortrait UIInterfaceOrientationLandscapeLeft UIInterfaceOrientationLandscapeRight";
				LD_RUNPATH_SEARCH_PATHS = (
					"$(inherited)",
					"@executable_path/Frameworks",
				);
				MARKETING_VERSION = 1.0;
				PRODUCT_BUNDLE_IDENTIFIER = dtmcgra.GISApp;
				PRODUCT_NAME = "$(TARGET_NAME)";
				SWIFT_EMIT_LOC_STRINGS = YES;
				SWIFT_VERSION = 5.0;
				TARGETED_DEVICE_FAMILY = "1,2";
			};
			name = Debug;
		};
		AE5647C129897AB800C92023 /* Release */ = {
			isa = XCBuildConfiguration;
			buildSettings = {
				ASSETCATALOG_COMPILER_APPICON_NAME = AppIcon;
				ASSETCATALOG_COMPILER_GLOBAL_ACCENT_COLOR_NAME = AccentColor;
				CODE_SIGN_STYLE = Automatic;
				CURRENT_PROJECT_VERSION = 1;
				DEVELOPMENT_TEAM = X3J9HZLD55;
				GENERATE_INFOPLIST_FILE = YES;
				INFOPLIST_FILE = GISApp/Info.plist;
				INFOPLIST_KEY_UIApplicationSupportsIndirectInputEvents = YES;
				INFOPLIST_KEY_UILaunchStoryboardName = LaunchScreen;
				INFOPLIST_KEY_UIMainStoryboardFile = Main;
				INFOPLIST_KEY_UISupportedInterfaceOrientations_iPad = "UIInterfaceOrientationPortrait UIInterfaceOrientationPortraitUpsideDown UIInterfaceOrientationLandscapeLeft UIInterfaceOrientationLandscapeRight";
				INFOPLIST_KEY_UISupportedInterfaceOrientations_iPhone = "UIInterfaceOrientationPortrait UIInterfaceOrientationLandscapeLeft UIInterfaceOrientationLandscapeRight";
				LD_RUNPATH_SEARCH_PATHS = (
					"$(inherited)",
					"@executable_path/Frameworks",
				);
				MARKETING_VERSION = 1.0;
				PRODUCT_BUNDLE_IDENTIFIER = dtmcgra.GISApp;
				PRODUCT_NAME = "$(TARGET_NAME)";
				SWIFT_EMIT_LOC_STRINGS = YES;
				SWIFT_VERSION = 5.0;
				TARGETED_DEVICE_FAMILY = "1,2";
			};
			name = Release;
		};
		AE5647C329897AB800C92023 /* Debug */ = {
			isa = XCBuildConfiguration;
			buildSettings = {
				ALWAYS_EMBED_SWIFT_STANDARD_LIBRARIES = YES;
				BUNDLE_LOADER = "$(TEST_HOST)";
				CODE_SIGN_STYLE = Automatic;
				CURRENT_PROJECT_VERSION = 1;
				DEVELOPMENT_TEAM = X3J9HZLD55;
				GENERATE_INFOPLIST_FILE = YES;
				IPHONEOS_DEPLOYMENT_TARGET = 16.2;
				MARKETING_VERSION = 1.0;
				PRODUCT_BUNDLE_IDENTIFIER = dtmcgra.GISAppTests;
				PRODUCT_NAME = "$(TARGET_NAME)";
				SWIFT_EMIT_LOC_STRINGS = NO;
				SWIFT_VERSION = 5.0;
				TARGETED_DEVICE_FAMILY = "1,2";
				TEST_HOST = "$(BUILT_PRODUCTS_DIR)/GISApp.app/$(BUNDLE_EXECUTABLE_FOLDER_PATH)/GISApp";
			};
			name = Debug;
		};
		AE5647C429897AB800C92023 /* Release */ = {
			isa = XCBuildConfiguration;
			buildSettings = {
				ALWAYS_EMBED_SWIFT_STANDARD_LIBRARIES = YES;
				BUNDLE_LOADER = "$(TEST_HOST)";
				CODE_SIGN_STYLE = Automatic;
				CURRENT_PROJECT_VERSION = 1;
				DEVELOPMENT_TEAM = X3J9HZLD55;
				GENERATE_INFOPLIST_FILE = YES;
				IPHONEOS_DEPLOYMENT_TARGET = 16.2;
				MARKETING_VERSION = 1.0;
				PRODUCT_BUNDLE_IDENTIFIER = dtmcgra.GISAppTests;
				PRODUCT_NAME = "$(TARGET_NAME)";
				SWIFT_EMIT_LOC_STRINGS = NO;
				SWIFT_VERSION = 5.0;
				TARGETED_DEVICE_FAMILY = "1,2";
				TEST_HOST = "$(BUILT_PRODUCTS_DIR)/GISApp.app/$(BUNDLE_EXECUTABLE_FOLDER_PATH)/GISApp";
			};
			name = Release;
		};
		AE5647C629897AB800C92023 /* Debug */ = {
			isa = XCBuildConfiguration;
			buildSettings = {
				ALWAYS_EMBED_SWIFT_STANDARD_LIBRARIES = YES;
				CODE_SIGN_STYLE = Automatic;
				CURRENT_PROJECT_VERSION = 1;
				DEVELOPMENT_TEAM = X3J9HZLD55;
				GENERATE_INFOPLIST_FILE = YES;
				MARKETING_VERSION = 1.0;
				PRODUCT_BUNDLE_IDENTIFIER = dtmcgra.GISAppUITests;
				PRODUCT_NAME = "$(TARGET_NAME)";
				SWIFT_EMIT_LOC_STRINGS = NO;
				SWIFT_VERSION = 5.0;
				TARGETED_DEVICE_FAMILY = "1,2";
				TEST_TARGET_NAME = GISApp;
			};
			name = Debug;
		};
		AE5647C729897AB800C92023 /* Release */ = {
			isa = XCBuildConfiguration;
			buildSettings = {
				ALWAYS_EMBED_SWIFT_STANDARD_LIBRARIES = YES;
				CODE_SIGN_STYLE = Automatic;
				CURRENT_PROJECT_VERSION = 1;
				DEVELOPMENT_TEAM = X3J9HZLD55;
				GENERATE_INFOPLIST_FILE = YES;
				MARKETING_VERSION = 1.0;
				PRODUCT_BUNDLE_IDENTIFIER = dtmcgra.GISAppUITests;
				PRODUCT_NAME = "$(TARGET_NAME)";
				SWIFT_EMIT_LOC_STRINGS = NO;
				SWIFT_VERSION = 5.0;
				TARGETED_DEVICE_FAMILY = "1,2";
				TEST_TARGET_NAME = GISApp;
			};
			name = Release;
		};
/* End XCBuildConfiguration section */

/* Begin XCConfigurationList section */
		AE56479029897AB700C92023 /* Build configuration list for PBXProject "GISApp" */ = {
			isa = XCConfigurationList;
			buildConfigurations = (
				AE5647BD29897AB800C92023 /* Debug */,
				AE5647BE29897AB800C92023 /* Release */,
			);
			defaultConfigurationIsVisible = 0;
			defaultConfigurationName = Release;
		};
		AE5647BF29897AB800C92023 /* Build configuration list for PBXNativeTarget "GISApp" */ = {
			isa = XCConfigurationList;
			buildConfigurations = (
				AE5647C029897AB800C92023 /* Debug */,
				AE5647C129897AB800C92023 /* Release */,
			);
			defaultConfigurationIsVisible = 0;
			defaultConfigurationName = Release;
		};
		AE5647C229897AB800C92023 /* Build configuration list for PBXNativeTarget "GISAppTests" */ = {
			isa = XCConfigurationList;
			buildConfigurations = (
				AE5647C329897AB800C92023 /* Debug */,
				AE5647C429897AB800C92023 /* Release */,
			);
			defaultConfigurationIsVisible = 0;
			defaultConfigurationName = Release;
		};
		AE5647C529897AB800C92023 /* Build configuration list for PBXNativeTarget "GISAppUITests" */ = {
			isa = XCConfigurationList;
			buildConfigurations = (
				AE5647C629897AB800C92023 /* Debug */,
				AE5647C729897AB800C92023 /* Release */,
			);
			defaultConfigurationIsVisible = 0;
			defaultConfigurationName = Release;
		};
/* End XCConfigurationList section */
	};
	rootObject = AE56478D29897AB700C92023 /* Project object */;
}
